// !$*UTF8*$!
{
	archiveVersion = 1;
	classes = {
	};
	objectVersion = 55;
	objects = {

/* Begin PBXBuildFile section */
		2AD3FEB927EC90C3008EE6BA /* RootViewController.swift in Sources */ = {isa = PBXBuildFile; fileRef = 2AD3FEB827EC90C3008EE6BA /* RootViewController.swift */; };
		2AD3FEBB27EC90CC008EE6BA /* Root.storyboard in Resources */ = {isa = PBXBuildFile; fileRef = 2AD3FEBA27EC90CC008EE6BA /* Root.storyboard */; };
		2AD3FEBD27EC9434008EE6BA /* Router.swift in Sources */ = {isa = PBXBuildFile; fileRef = 2AD3FEBC27EC9434008EE6BA /* Router.swift */; };
		2AD3FEBF27EC951A008EE6BA /* UIStoryboard+.swift in Sources */ = {isa = PBXBuildFile; fileRef = 2AD3FEBE27EC951A008EE6BA /* UIStoryboard+.swift */; };
		2AD3FECD27ECC2EA008EE6BA /* SignupViewController.swift in Sources */ = {isa = PBXBuildFile; fileRef = 2AD3FECC27ECC2EA008EE6BA /* SignupViewController.swift */; };
		2AD3FECF27ECC2F1008EE6BA /* Signup.storyboard in Resources */ = {isa = PBXBuildFile; fileRef = 2AD3FECE27ECC2F1008EE6BA /* Signup.storyboard */; };
		2AD3FED227ECC319008EE6BA /* SingupViewModel.swift in Sources */ = {isa = PBXBuildFile; fileRef = 2AD3FED127ECC319008EE6BA /* SingupViewModel.swift */; };
		2AD3FED527F9E729008EE6BA /* GreetingViewController.swift in Sources */ = {isa = PBXBuildFile; fileRef = 2AD3FED427F9E729008EE6BA /* GreetingViewController.swift */; };
		2AD3FED727F9E731008EE6BA /* Greeting.storyboard in Resources */ = {isa = PBXBuildFile; fileRef = 2AD3FED627F9E731008EE6BA /* Greeting.storyboard */; };
		2AD3FEDA27FB2D4B008EE6BA /* RxDataSources.storyboard in Resources */ = {isa = PBXBuildFile; fileRef = 2AD3FED927FB2D4B008EE6BA /* RxDataSources.storyboard */; };
		2AD3FEDC27FB2D5D008EE6BA /* RxDataSourcesViewController.swift in Sources */ = {isa = PBXBuildFile; fileRef = 2AD3FEDB27FB2D5D008EE6BA /* RxDataSourcesViewController.swift */; };
		2AE301CA27DDBB61007A1AAA /* AppDelegate.swift in Sources */ = {isa = PBXBuildFile; fileRef = 2AE301C927DDBB61007A1AAA /* AppDelegate.swift */; };
		2AE301CC27DDBB61007A1AAA /* SceneDelegate.swift in Sources */ = {isa = PBXBuildFile; fileRef = 2AE301CB27DDBB61007A1AAA /* SceneDelegate.swift */; };
		2AE301CE27DDBB61007A1AAA /* IncrementalSearchViewController.swift in Sources */ = {isa = PBXBuildFile; fileRef = 2AE301CD27DDBB61007A1AAA /* IncrementalSearchViewController.swift */; };
		2AE301D127DDBB61007A1AAA /* IncrementalSearch.storyboard in Resources */ = {isa = PBXBuildFile; fileRef = 2AE301CF27DDBB61007A1AAA /* IncrementalSearch.storyboard */; };
		2AE301D327DDBB62007A1AAA /* Assets.xcassets in Resources */ = {isa = PBXBuildFile; fileRef = 2AE301D227DDBB62007A1AAA /* Assets.xcassets */; };
		2AE301D627DDBB62007A1AAA /* LaunchScreen.storyboard in Resources */ = {isa = PBXBuildFile; fileRef = 2AE301D427DDBB62007A1AAA /* LaunchScreen.storyboard */; };
		2AE301E127DDBB62007A1AAA /* RxSwift_SampleTests.swift in Sources */ = {isa = PBXBuildFile; fileRef = 2AE301E027DDBB62007A1AAA /* RxSwift_SampleTests.swift */; };
		2AE301EB27DDBB62007A1AAA /* RxSwift_SampleUITests.swift in Sources */ = {isa = PBXBuildFile; fileRef = 2AE301EA27DDBB62007A1AAA /* RxSwift_SampleUITests.swift */; };
		2AE301ED27DDBB62007A1AAA /* RxSwift_SampleUITestsLaunchTests.swift in Sources */ = {isa = PBXBuildFile; fileRef = 2AE301EC27DDBB62007A1AAA /* RxSwift_SampleUITestsLaunchTests.swift */; };
		2AE301FC27DDBFA4007A1AAA /* IncrementalSearchViewModel.swift in Sources */ = {isa = PBXBuildFile; fileRef = 2AE301FB27DDBFA4007A1AAA /* IncrementalSearchViewModel.swift */; };
		2AE3020027DDD288007A1AAA /* GithubModel.swift in Sources */ = {isa = PBXBuildFile; fileRef = 2AE301FF27DDD288007A1AAA /* GithubModel.swift */; };
		2AE3020327DDD407007A1AAA /* GithubAPI.swift in Sources */ = {isa = PBXBuildFile; fileRef = 2AE3020227DDD407007A1AAA /* GithubAPI.swift */; };
		2AE3020627DDE13C007A1AAA /* IncrementalSearchTableViewCell.swift in Sources */ = {isa = PBXBuildFile; fileRef = 2AE3020427DDE13C007A1AAA /* IncrementalSearchTableViewCell.swift */; };
		2AE3020727DDE13C007A1AAA /* IncrementalSearchTableViewCell.xib in Resources */ = {isa = PBXBuildFile; fileRef = 2AE3020527DDE13C007A1AAA /* IncrementalSearchTableViewCell.xib */; };
		6941DC966BFF82FA78F5A5B5 /* Pods_RxSwift_Sample.framework in Frameworks */ = {isa = PBXBuildFile; fileRef = 57377CF4EB922126C6C5DD3E /* Pods_RxSwift_Sample.framework */; };
		81F2DEFBE1C0DA9EF74093F1 /* Pods_RxSwift_SampleTests.framework in Frameworks */ = {isa = PBXBuildFile; fileRef = 612A1499633EB36765A7AFB3 /* Pods_RxSwift_SampleTests.framework */; };
		E124F68654EC0BFD977269B8 /* Pods_RxSwift_Sample_RxSwift_SampleUITests.framework in Frameworks */ = {isa = PBXBuildFile; fileRef = D031C19506A549E64760B69C /* Pods_RxSwift_Sample_RxSwift_SampleUITests.framework */; };
/* End PBXBuildFile section */

/* Begin PBXContainerItemProxy section */
		2AE301DD27DDBB62007A1AAA /* PBXContainerItemProxy */ = {
			isa = PBXContainerItemProxy;
			containerPortal = 2AE301BE27DDBB61007A1AAA /* Project object */;
			proxyType = 1;
			remoteGlobalIDString = 2AE301C527DDBB61007A1AAA;
			remoteInfo = "RxSwift-Sample";
		};
		2AE301E727DDBB62007A1AAA /* PBXContainerItemProxy */ = {
			isa = PBXContainerItemProxy;
			containerPortal = 2AE301BE27DDBB61007A1AAA /* Project object */;
			proxyType = 1;
			remoteGlobalIDString = 2AE301C527DDBB61007A1AAA;
			remoteInfo = "RxSwift-Sample";
		};
/* End PBXContainerItemProxy section */

/* Begin PBXFileReference section */
		2AD3FEB827EC90C3008EE6BA /* RootViewController.swift */ = {isa = PBXFileReference; lastKnownFileType = sourcecode.swift; path = RootViewController.swift; sourceTree = "<group>"; };
		2AD3FEBA27EC90CC008EE6BA /* Root.storyboard */ = {isa = PBXFileReference; lastKnownFileType = file.storyboard; path = Root.storyboard; sourceTree = "<group>"; };
		2AD3FEBC27EC9434008EE6BA /* Router.swift */ = {isa = PBXFileReference; lastKnownFileType = sourcecode.swift; path = Router.swift; sourceTree = "<group>"; };
		2AD3FEBE27EC951A008EE6BA /* UIStoryboard+.swift */ = {isa = PBXFileReference; lastKnownFileType = sourcecode.swift; path = "UIStoryboard+.swift"; sourceTree = "<group>"; };
		2AD3FECC27ECC2EA008EE6BA /* SignupViewController.swift */ = {isa = PBXFileReference; lastKnownFileType = sourcecode.swift; path = SignupViewController.swift; sourceTree = "<group>"; };
		2AD3FECE27ECC2F1008EE6BA /* Signup.storyboard */ = {isa = PBXFileReference; lastKnownFileType = file.storyboard; path = Signup.storyboard; sourceTree = "<group>"; };
		2AD3FED127ECC319008EE6BA /* SingupViewModel.swift */ = {isa = PBXFileReference; lastKnownFileType = sourcecode.swift; path = SingupViewModel.swift; sourceTree = "<group>"; };
		2AD3FED427F9E729008EE6BA /* GreetingViewController.swift */ = {isa = PBXFileReference; lastKnownFileType = sourcecode.swift; path = GreetingViewController.swift; sourceTree = "<group>"; };
		2AD3FED627F9E731008EE6BA /* Greeting.storyboard */ = {isa = PBXFileReference; lastKnownFileType = file.storyboard; path = Greeting.storyboard; sourceTree = "<group>"; };
		2AD3FED927FB2D4B008EE6BA /* RxDataSources.storyboard */ = {isa = PBXFileReference; lastKnownFileType = file.storyboard; path = RxDataSources.storyboard; sourceTree = "<group>"; };
		2AD3FEDB27FB2D5D008EE6BA /* RxDataSourcesViewController.swift */ = {isa = PBXFileReference; lastKnownFileType = sourcecode.swift; path = RxDataSourcesViewController.swift; sourceTree = "<group>"; };
		2AE301C627DDBB61007A1AAA /* RxSwift-Sample.app */ = {isa = PBXFileReference; explicitFileType = wrapper.application; includeInIndex = 0; path = "RxSwift-Sample.app"; sourceTree = BUILT_PRODUCTS_DIR; };
		2AE301C927DDBB61007A1AAA /* AppDelegate.swift */ = {isa = PBXFileReference; lastKnownFileType = sourcecode.swift; path = AppDelegate.swift; sourceTree = "<group>"; };
		2AE301CB27DDBB61007A1AAA /* SceneDelegate.swift */ = {isa = PBXFileReference; lastKnownFileType = sourcecode.swift; path = SceneDelegate.swift; sourceTree = "<group>"; };
		2AE301CD27DDBB61007A1AAA /* IncrementalSearchViewController.swift */ = {isa = PBXFileReference; lastKnownFileType = sourcecode.swift; path = IncrementalSearchViewController.swift; sourceTree = "<group>"; };
		2AE301D027DDBB61007A1AAA /* Base */ = {isa = PBXFileReference; lastKnownFileType = file.storyboard; name = Base; path = Base.lproj/IncrementalSearch.storyboard; sourceTree = "<group>"; };
		2AE301D227DDBB62007A1AAA /* Assets.xcassets */ = {isa = PBXFileReference; lastKnownFileType = folder.assetcatalog; path = Assets.xcassets; sourceTree = "<group>"; };
		2AE301D527DDBB62007A1AAA /* Base */ = {isa = PBXFileReference; lastKnownFileType = file.storyboard; name = Base; path = Base.lproj/LaunchScreen.storyboard; sourceTree = "<group>"; };
		2AE301D727DDBB62007A1AAA /* Info.plist */ = {isa = PBXFileReference; lastKnownFileType = text.plist.xml; path = Info.plist; sourceTree = "<group>"; };
		2AE301DC27DDBB62007A1AAA /* RxSwift-SampleTests.xctest */ = {isa = PBXFileReference; explicitFileType = wrapper.cfbundle; includeInIndex = 0; path = "RxSwift-SampleTests.xctest"; sourceTree = BUILT_PRODUCTS_DIR; };
		2AE301E027DDBB62007A1AAA /* RxSwift_SampleTests.swift */ = {isa = PBXFileReference; lastKnownFileType = sourcecode.swift; path = RxSwift_SampleTests.swift; sourceTree = "<group>"; };
		2AE301E627DDBB62007A1AAA /* RxSwift-SampleUITests.xctest */ = {isa = PBXFileReference; explicitFileType = wrapper.cfbundle; includeInIndex = 0; path = "RxSwift-SampleUITests.xctest"; sourceTree = BUILT_PRODUCTS_DIR; };
		2AE301EA27DDBB62007A1AAA /* RxSwift_SampleUITests.swift */ = {isa = PBXFileReference; lastKnownFileType = sourcecode.swift; path = RxSwift_SampleUITests.swift; sourceTree = "<group>"; };
		2AE301EC27DDBB62007A1AAA /* RxSwift_SampleUITestsLaunchTests.swift */ = {isa = PBXFileReference; lastKnownFileType = sourcecode.swift; path = RxSwift_SampleUITestsLaunchTests.swift; sourceTree = "<group>"; };
		2AE301FB27DDBFA4007A1AAA /* IncrementalSearchViewModel.swift */ = {isa = PBXFileReference; lastKnownFileType = sourcecode.swift; path = IncrementalSearchViewModel.swift; sourceTree = "<group>"; };
		2AE301FF27DDD288007A1AAA /* GithubModel.swift */ = {isa = PBXFileReference; lastKnownFileType = sourcecode.swift; path = GithubModel.swift; sourceTree = "<group>"; };
		2AE3020227DDD407007A1AAA /* GithubAPI.swift */ = {isa = PBXFileReference; lastKnownFileType = sourcecode.swift; path = GithubAPI.swift; sourceTree = "<group>"; };
		2AE3020427DDE13C007A1AAA /* IncrementalSearchTableViewCell.swift */ = {isa = PBXFileReference; lastKnownFileType = sourcecode.swift; path = IncrementalSearchTableViewCell.swift; sourceTree = "<group>"; };
		2AE3020527DDE13C007A1AAA /* IncrementalSearchTableViewCell.xib */ = {isa = PBXFileReference; lastKnownFileType = file.xib; path = IncrementalSearchTableViewCell.xib; sourceTree = "<group>"; };
		495F5E762DAD845AFDDACCFC /* Pods-RxSwift-Sample-RxSwift-SampleUITests.release.xcconfig */ = {isa = PBXFileReference; includeInIndex = 1; lastKnownFileType = text.xcconfig; name = "Pods-RxSwift-Sample-RxSwift-SampleUITests.release.xcconfig"; path = "Target Support Files/Pods-RxSwift-Sample-RxSwift-SampleUITests/Pods-RxSwift-Sample-RxSwift-SampleUITests.release.xcconfig"; sourceTree = "<group>"; };
		57377CF4EB922126C6C5DD3E /* Pods_RxSwift_Sample.framework */ = {isa = PBXFileReference; explicitFileType = wrapper.framework; includeInIndex = 0; path = Pods_RxSwift_Sample.framework; sourceTree = BUILT_PRODUCTS_DIR; };
		612A1499633EB36765A7AFB3 /* Pods_RxSwift_SampleTests.framework */ = {isa = PBXFileReference; explicitFileType = wrapper.framework; includeInIndex = 0; path = Pods_RxSwift_SampleTests.framework; sourceTree = BUILT_PRODUCTS_DIR; };
		814544FF9C39BA281B06FF58 /* Pods-RxSwift-SampleTests.release.xcconfig */ = {isa = PBXFileReference; includeInIndex = 1; lastKnownFileType = text.xcconfig; name = "Pods-RxSwift-SampleTests.release.xcconfig"; path = "Target Support Files/Pods-RxSwift-SampleTests/Pods-RxSwift-SampleTests.release.xcconfig"; sourceTree = "<group>"; };
		9763889DC4DE11A8AE4489C3 /* Pods-RxSwift-SampleTests.debug.xcconfig */ = {isa = PBXFileReference; includeInIndex = 1; lastKnownFileType = text.xcconfig; name = "Pods-RxSwift-SampleTests.debug.xcconfig"; path = "Target Support Files/Pods-RxSwift-SampleTests/Pods-RxSwift-SampleTests.debug.xcconfig"; sourceTree = "<group>"; };
		B3BA68C21D50B98F08134B55 /* Pods-RxSwift-Sample.debug.xcconfig */ = {isa = PBXFileReference; includeInIndex = 1; lastKnownFileType = text.xcconfig; name = "Pods-RxSwift-Sample.debug.xcconfig"; path = "Target Support Files/Pods-RxSwift-Sample/Pods-RxSwift-Sample.debug.xcconfig"; sourceTree = "<group>"; };
		C82FAD8DD9A2889E2662412B /* Pods-RxSwift-Sample-RxSwift-SampleUITests.debug.xcconfig */ = {isa = PBXFileReference; includeInIndex = 1; lastKnownFileType = text.xcconfig; name = "Pods-RxSwift-Sample-RxSwift-SampleUITests.debug.xcconfig"; path = "Target Support Files/Pods-RxSwift-Sample-RxSwift-SampleUITests/Pods-RxSwift-Sample-RxSwift-SampleUITests.debug.xcconfig"; sourceTree = "<group>"; };
		D031C19506A549E64760B69C /* Pods_RxSwift_Sample_RxSwift_SampleUITests.framework */ = {isa = PBXFileReference; explicitFileType = wrapper.framework; includeInIndex = 0; path = Pods_RxSwift_Sample_RxSwift_SampleUITests.framework; sourceTree = BUILT_PRODUCTS_DIR; };
		E7F7FDA9DE02C2C0CEEC0569 /* Pods-RxSwift-Sample.release.xcconfig */ = {isa = PBXFileReference; includeInIndex = 1; lastKnownFileType = text.xcconfig; name = "Pods-RxSwift-Sample.release.xcconfig"; path = "Target Support Files/Pods-RxSwift-Sample/Pods-RxSwift-Sample.release.xcconfig"; sourceTree = "<group>"; };
/* End PBXFileReference section */

/* Begin PBXFrameworksBuildPhase section */
		2AE301C327DDBB61007A1AAA /* Frameworks */ = {
			isa = PBXFrameworksBuildPhase;
			buildActionMask = 2147483647;
			files = (
				6941DC966BFF82FA78F5A5B5 /* Pods_RxSwift_Sample.framework in Frameworks */,
			);
			runOnlyForDeploymentPostprocessing = 0;
		};
		2AE301D927DDBB62007A1AAA /* Frameworks */ = {
			isa = PBXFrameworksBuildPhase;
			buildActionMask = 2147483647;
			files = (
				81F2DEFBE1C0DA9EF74093F1 /* Pods_RxSwift_SampleTests.framework in Frameworks */,
			);
			runOnlyForDeploymentPostprocessing = 0;
		};
		2AE301E327DDBB62007A1AAA /* Frameworks */ = {
			isa = PBXFrameworksBuildPhase;
			buildActionMask = 2147483647;
			files = (
				E124F68654EC0BFD977269B8 /* Pods_RxSwift_Sample_RxSwift_SampleUITests.framework in Frameworks */,
			);
			runOnlyForDeploymentPostprocessing = 0;
		};
/* End PBXFrameworksBuildPhase section */

/* Begin PBXGroup section */
		20291CBC27292EFF3BFAA433 /* Frameworks */ = {
			isa = PBXGroup;
			children = (
				57377CF4EB922126C6C5DD3E /* Pods_RxSwift_Sample.framework */,
				D031C19506A549E64760B69C /* Pods_RxSwift_Sample_RxSwift_SampleUITests.framework */,
				612A1499633EB36765A7AFB3 /* Pods_RxSwift_SampleTests.framework */,
			);
			name = Frameworks;
			sourceTree = "<group>";
		};
		2AD3FEC027EC9979008EE6BA /* Root */ = {
			isa = PBXGroup;
			children = (
				2AD3FEB827EC90C3008EE6BA /* RootViewController.swift */,
				2AD3FEBA27EC90CC008EE6BA /* Root.storyboard */,
			);
			path = Root;
			sourceTree = "<group>";
		};
		2AD3FEC327EC9A02008EE6BA /* Utility */ = {
			isa = PBXGroup;
			children = (
				2AD3FEBC27EC9434008EE6BA /* Router.swift */,
				2AE3020227DDD407007A1AAA /* GithubAPI.swift */,
			);
			path = Utility;
			sourceTree = "<group>";
		};
		2AD3FEC427EC9A13008EE6BA /* Extensions */ = {
			isa = PBXGroup;
			children = (
				2AD3FEBE27EC951A008EE6BA /* UIStoryboard+.swift */,
			);
			path = Extensions;
			sourceTree = "<group>";
		};
		2AD3FEC527EC9A2B008EE6BA /* IncrementalSearch */ = {
			isa = PBXGroup;
			children = (
				2AE301FE27DDD27A007A1AAA /* Model */,
				2AD3FEC627EC9A47008EE6BA /* ViewController */,
				2AE301FA27DDBF91007A1AAA /* ViewModel */,
				2AD3FEC727EC9A61008EE6BA /* View */,
			);
			path = IncrementalSearch;
			sourceTree = "<group>";
		};
		2AD3FEC627EC9A47008EE6BA /* ViewController */ = {
			isa = PBXGroup;
			children = (
				2AE301CD27DDBB61007A1AAA /* IncrementalSearchViewController.swift */,
				2AE301CF27DDBB61007A1AAA /* IncrementalSearch.storyboard */,
			);
			path = ViewController;
			sourceTree = "<group>";
		};
		2AD3FEC727EC9A61008EE6BA /* View */ = {
			isa = PBXGroup;
			children = (
				2AE3020427DDE13C007A1AAA /* IncrementalSearchTableViewCell.swift */,
				2AE3020527DDE13C007A1AAA /* IncrementalSearchTableViewCell.xib */,
			);
			path = View;
			sourceTree = "<group>";
		};
		2AD3FECA27ECC29C008EE6BA /* Signup */ = {
			isa = PBXGroup;
			children = (
				2AD3FECB27ECC2C0008EE6BA /* ViewController */,
				2AD3FED027ECC302008EE6BA /* ViewModel */,
			);
			path = Signup;
			sourceTree = "<group>";
		};
		2AD3FECB27ECC2C0008EE6BA /* ViewController */ = {
			isa = PBXGroup;
			children = (
				2AD3FECC27ECC2EA008EE6BA /* SignupViewController.swift */,
				2AD3FECE27ECC2F1008EE6BA /* Signup.storyboard */,
			);
			path = ViewController;
			sourceTree = "<group>";
		};
		2AD3FED027ECC302008EE6BA /* ViewModel */ = {
			isa = PBXGroup;
			children = (
				2AD3FED127ECC319008EE6BA /* SingupViewModel.swift */,
			);
			path = ViewModel;
			sourceTree = "<group>";
		};
		2AD3FED327F9E713008EE6BA /* Greeting */ = {
			isa = PBXGroup;
			children = (
				2AD3FED427F9E729008EE6BA /* GreetingViewController.swift */,
				2AD3FED627F9E731008EE6BA /* Greeting.storyboard */,
			);
			path = Greeting;
			sourceTree = "<group>";
		};
		2AD3FED827FB2A60008EE6BA /* RxDataSources */ = {
			isa = PBXGroup;
			children = (
				2AD3FEDD27FB2D79008EE6BA /* ViewController */,
			);
			path = RxDataSources;
			sourceTree = "<group>";
		};
		2AD3FEDD27FB2D79008EE6BA /* ViewController */ = {
			isa = PBXGroup;
			children = (
				2AD3FED927FB2D4B008EE6BA /* RxDataSources.storyboard */,
				2AD3FEDB27FB2D5D008EE6BA /* RxDataSourcesViewController.swift */,
			);
			name = ViewController;
			sourceTree = "<group>";
		};
		2AE301BD27DDBB61007A1AAA = {
			isa = PBXGroup;
			children = (
				2AE301C827DDBB61007A1AAA /* RxSwift-Sample */,
				2AE301DF27DDBB62007A1AAA /* RxSwift-SampleTests */,
				2AE301E927DDBB62007A1AAA /* RxSwift-SampleUITests */,
				2AE301C727DDBB61007A1AAA /* Products */,
				C7D433B51AEED21CCABBA3CE /* Pods */,
				20291CBC27292EFF3BFAA433 /* Frameworks */,
			);
			sourceTree = "<group>";
		};
		2AE301C727DDBB61007A1AAA /* Products */ = {
			isa = PBXGroup;
			children = (
				2AE301C627DDBB61007A1AAA /* RxSwift-Sample.app */,
				2AE301DC27DDBB62007A1AAA /* RxSwift-SampleTests.xctest */,
				2AE301E627DDBB62007A1AAA /* RxSwift-SampleUITests.xctest */,
			);
			name = Products;
			sourceTree = "<group>";
		};
		2AE301C827DDBB61007A1AAA /* RxSwift-Sample */ = {
			isa = PBXGroup;
			children = (
				2AE301C927DDBB61007A1AAA /* AppDelegate.swift */,
				2AE301CB27DDBB61007A1AAA /* SceneDelegate.swift */,
				2AD3FEC027EC9979008EE6BA /* Root */,
				2AD3FEC527EC9A2B008EE6BA /* IncrementalSearch */,
				2AD3FECA27ECC29C008EE6BA /* Signup */,
				2AD3FED327F9E713008EE6BA /* Greeting */,
				2AD3FED827FB2A60008EE6BA /* RxDataSources */,
				2AD3FEC327EC9A02008EE6BA /* Utility */,
				2AD3FEC427EC9A13008EE6BA /* Extensions */,
				2AE301D227DDBB62007A1AAA /* Assets.xcassets */,
				2AE301D427DDBB62007A1AAA /* LaunchScreen.storyboard */,
				2AE301D727DDBB62007A1AAA /* Info.plist */,
			);
			path = "RxSwift-Sample";
			sourceTree = "<group>";
		};
		2AE301DF27DDBB62007A1AAA /* RxSwift-SampleTests */ = {
			isa = PBXGroup;
			children = (
				2AE301E027DDBB62007A1AAA /* RxSwift_SampleTests.swift */,
			);
			path = "RxSwift-SampleTests";
			sourceTree = "<group>";
		};
		2AE301E927DDBB62007A1AAA /* RxSwift-SampleUITests */ = {
			isa = PBXGroup;
			children = (
				2AE301EA27DDBB62007A1AAA /* RxSwift_SampleUITests.swift */,
				2AE301EC27DDBB62007A1AAA /* RxSwift_SampleUITestsLaunchTests.swift */,
			);
			path = "RxSwift-SampleUITests";
			sourceTree = "<group>";
		};
		2AE301FA27DDBF91007A1AAA /* ViewModel */ = {
			isa = PBXGroup;
			children = (
				2AE301FB27DDBFA4007A1AAA /* IncrementalSearchViewModel.swift */,
			);
			path = ViewModel;
			sourceTree = "<group>";
		};
		2AE301FE27DDD27A007A1AAA /* Model */ = {
			isa = PBXGroup;
			children = (
				2AE301FF27DDD288007A1AAA /* GithubModel.swift */,
			);
			path = Model;
			sourceTree = "<group>";
		};
		C7D433B51AEED21CCABBA3CE /* Pods */ = {
			isa = PBXGroup;
			children = (
				B3BA68C21D50B98F08134B55 /* Pods-RxSwift-Sample.debug.xcconfig */,
				E7F7FDA9DE02C2C0CEEC0569 /* Pods-RxSwift-Sample.release.xcconfig */,
				C82FAD8DD9A2889E2662412B /* Pods-RxSwift-Sample-RxSwift-SampleUITests.debug.xcconfig */,
				495F5E762DAD845AFDDACCFC /* Pods-RxSwift-Sample-RxSwift-SampleUITests.release.xcconfig */,
				9763889DC4DE11A8AE4489C3 /* Pods-RxSwift-SampleTests.debug.xcconfig */,
				814544FF9C39BA281B06FF58 /* Pods-RxSwift-SampleTests.release.xcconfig */,
			);
			path = Pods;
			sourceTree = "<group>";
		};
/* End PBXGroup section */

/* Begin PBXNativeTarget section */
		2AE301C527DDBB61007A1AAA /* RxSwift-Sample */ = {
			isa = PBXNativeTarget;
			buildConfigurationList = 2AE301F027DDBB62007A1AAA /* Build configuration list for PBXNativeTarget "RxSwift-Sample" */;
			buildPhases = (
				A706CF7B5D0ED368B57EFD1C /* [CP] Check Pods Manifest.lock */,
				2AE301C227DDBB61007A1AAA /* Sources */,
				2AE301C327DDBB61007A1AAA /* Frameworks */,
				2AE301C427DDBB61007A1AAA /* Resources */,
				8795F69FEB02824398BA9650 /* [CP] Embed Pods Frameworks */,
			);
			buildRules = (
			);
			dependencies = (
			);
			name = "RxSwift-Sample";
			productName = "RxSwift-Sample";
			productReference = 2AE301C627DDBB61007A1AAA /* RxSwift-Sample.app */;
			productType = "com.apple.product-type.application";
		};
		2AE301DB27DDBB62007A1AAA /* RxSwift-SampleTests */ = {
			isa = PBXNativeTarget;
			buildConfigurationList = 2AE301F327DDBB62007A1AAA /* Build configuration list for PBXNativeTarget "RxSwift-SampleTests" */;
			buildPhases = (
				DF1D85915A08895C56B8EB13 /* [CP] Check Pods Manifest.lock */,
				2AE301D827DDBB62007A1AAA /* Sources */,
				2AE301D927DDBB62007A1AAA /* Frameworks */,
				2AE301DA27DDBB62007A1AAA /* Resources */,
			);
			buildRules = (
			);
			dependencies = (
				2AE301DE27DDBB62007A1AAA /* PBXTargetDependency */,
			);
			name = "RxSwift-SampleTests";
			productName = "RxSwift-SampleTests";
			productReference = 2AE301DC27DDBB62007A1AAA /* RxSwift-SampleTests.xctest */;
			productType = "com.apple.product-type.bundle.unit-test";
		};
		2AE301E527DDBB62007A1AAA /* RxSwift-SampleUITests */ = {
			isa = PBXNativeTarget;
			buildConfigurationList = 2AE301F627DDBB62007A1AAA /* Build configuration list for PBXNativeTarget "RxSwift-SampleUITests" */;
			buildPhases = (
				90670D6E2AEFB5E4FD87F553 /* [CP] Check Pods Manifest.lock */,
				2AE301E227DDBB62007A1AAA /* Sources */,
				2AE301E327DDBB62007A1AAA /* Frameworks */,
				2AE301E427DDBB62007A1AAA /* Resources */,
				0BD072F866DE29E85179D9DF /* [CP] Embed Pods Frameworks */,
			);
			buildRules = (
			);
			dependencies = (
				2AE301E827DDBB62007A1AAA /* PBXTargetDependency */,
			);
			name = "RxSwift-SampleUITests";
			productName = "RxSwift-SampleUITests";
			productReference = 2AE301E627DDBB62007A1AAA /* RxSwift-SampleUITests.xctest */;
			productType = "com.apple.product-type.bundle.ui-testing";
		};
/* End PBXNativeTarget section */

/* Begin PBXProject section */
		2AE301BE27DDBB61007A1AAA /* Project object */ = {
			isa = PBXProject;
			attributes = {
				BuildIndependentTargetsInParallel = 1;
				LastSwiftUpdateCheck = 1320;
				LastUpgradeCheck = 1320;
				TargetAttributes = {
					2AE301C527DDBB61007A1AAA = {
						CreatedOnToolsVersion = 13.2.1;
					};
					2AE301DB27DDBB62007A1AAA = {
						CreatedOnToolsVersion = 13.2.1;
						TestTargetID = 2AE301C527DDBB61007A1AAA;
					};
					2AE301E527DDBB62007A1AAA = {
						CreatedOnToolsVersion = 13.2.1;
						TestTargetID = 2AE301C527DDBB61007A1AAA;
					};
				};
			};
			buildConfigurationList = 2AE301C127DDBB61007A1AAA /* Build configuration list for PBXProject "RxSwift-Sample" */;
			compatibilityVersion = "Xcode 13.0";
			developmentRegion = en;
			hasScannedForEncodings = 0;
			knownRegions = (
				en,
				Base,
			);
			mainGroup = 2AE301BD27DDBB61007A1AAA;
			productRefGroup = 2AE301C727DDBB61007A1AAA /* Products */;
			projectDirPath = "";
			projectRoot = "";
			targets = (
				2AE301C527DDBB61007A1AAA /* RxSwift-Sample */,
				2AE301DB27DDBB62007A1AAA /* RxSwift-SampleTests */,
				2AE301E527DDBB62007A1AAA /* RxSwift-SampleUITests */,
			);
		};
/* End PBXProject section */

/* Begin PBXResourcesBuildPhase section */
		2AE301C427DDBB61007A1AAA /* Resources */ = {
			isa = PBXResourcesBuildPhase;
			buildActionMask = 2147483647;
			files = (
				2AD3FEBB27EC90CC008EE6BA /* Root.storyboard in Resources */,
				2AE301D627DDBB62007A1AAA /* LaunchScreen.storyboard in Resources */,
				2AE3020727DDE13C007A1AAA /* IncrementalSearchTableViewCell.xib in Resources */,
				2AE301D327DDBB62007A1AAA /* Assets.xcassets in Resources */,
				2AD3FEDA27FB2D4B008EE6BA /* RxDataSources.storyboard in Resources */,
				2AD3FED727F9E731008EE6BA /* Greeting.storyboard in Resources */,
				2AD3FECF27ECC2F1008EE6BA /* Signup.storyboard in Resources */,
				2AE301D127DDBB61007A1AAA /* IncrementalSearch.storyboard in Resources */,
			);
			runOnlyForDeploymentPostprocessing = 0;
		};
		2AE301DA27DDBB62007A1AAA /* Resources */ = {
			isa = PBXResourcesBuildPhase;
			buildActionMask = 2147483647;
			files = (
			);
			runOnlyForDeploymentPostprocessing = 0;
		};
		2AE301E427DDBB62007A1AAA /* Resources */ = {
			isa = PBXResourcesBuildPhase;
			buildActionMask = 2147483647;
			files = (
			);
			runOnlyForDeploymentPostprocessing = 0;
		};
/* End PBXResourcesBuildPhase section */

/* Begin PBXShellScriptBuildPhase section */
		0BD072F866DE29E85179D9DF /* [CP] Embed Pods Frameworks */ = {
			isa = PBXShellScriptBuildPhase;
			buildActionMask = 2147483647;
			files = (
			);
			inputFileListPaths = (
				"${PODS_ROOT}/Target Support Files/Pods-RxSwift-Sample-RxSwift-SampleUITests/Pods-RxSwift-Sample-RxSwift-SampleUITests-frameworks-${CONFIGURATION}-input-files.xcfilelist",
			);
			name = "[CP] Embed Pods Frameworks";
			outputFileListPaths = (
				"${PODS_ROOT}/Target Support Files/Pods-RxSwift-Sample-RxSwift-SampleUITests/Pods-RxSwift-Sample-RxSwift-SampleUITests-frameworks-${CONFIGURATION}-output-files.xcfilelist",
			);
			runOnlyForDeploymentPostprocessing = 0;
			shellPath = /bin/sh;
			shellScript = "\"${PODS_ROOT}/Target Support Files/Pods-RxSwift-Sample-RxSwift-SampleUITests/Pods-RxSwift-Sample-RxSwift-SampleUITests-frameworks.sh\"\n";
			showEnvVarsInLog = 0;
		};
		8795F69FEB02824398BA9650 /* [CP] Embed Pods Frameworks */ = {
			isa = PBXShellScriptBuildPhase;
			buildActionMask = 2147483647;
			files = (
			);
			inputFileListPaths = (
				"${PODS_ROOT}/Target Support Files/Pods-RxSwift-Sample/Pods-RxSwift-Sample-frameworks-${CONFIGURATION}-input-files.xcfilelist",
			);
			name = "[CP] Embed Pods Frameworks";
			outputFileListPaths = (
				"${PODS_ROOT}/Target Support Files/Pods-RxSwift-Sample/Pods-RxSwift-Sample-frameworks-${CONFIGURATION}-output-files.xcfilelist",
			);
			runOnlyForDeploymentPostprocessing = 0;
			shellPath = /bin/sh;
			shellScript = "\"${PODS_ROOT}/Target Support Files/Pods-RxSwift-Sample/Pods-RxSwift-Sample-frameworks.sh\"\n";
			showEnvVarsInLog = 0;
		};
		90670D6E2AEFB5E4FD87F553 /* [CP] Check Pods Manifest.lock */ = {
			isa = PBXShellScriptBuildPhase;
			buildActionMask = 2147483647;
			files = (
			);
			inputFileListPaths = (
			);
			inputPaths = (
				"${PODS_PODFILE_DIR_PATH}/Podfile.lock",
				"${PODS_ROOT}/Manifest.lock",
			);
			name = "[CP] Check Pods Manifest.lock";
			outputFileListPaths = (
			);
			outputPaths = (
				"$(DERIVED_FILE_DIR)/Pods-RxSwift-Sample-RxSwift-SampleUITests-checkManifestLockResult.txt",
			);
			runOnlyForDeploymentPostprocessing = 0;
			shellPath = /bin/sh;
			shellScript = "diff \"${PODS_PODFILE_DIR_PATH}/Podfile.lock\" \"${PODS_ROOT}/Manifest.lock\" > /dev/null\nif [ $? != 0 ] ; then\n    # print error to STDERR\n    echo \"error: The sandbox is not in sync with the Podfile.lock. Run 'pod install' or update your CocoaPods installation.\" >&2\n    exit 1\nfi\n# This output is used by Xcode 'outputs' to avoid re-running this script phase.\necho \"SUCCESS\" > \"${SCRIPT_OUTPUT_FILE_0}\"\n";
			showEnvVarsInLog = 0;
		};
		A706CF7B5D0ED368B57EFD1C /* [CP] Check Pods Manifest.lock */ = {
			isa = PBXShellScriptBuildPhase;
			buildActionMask = 2147483647;
			files = (
			);
			inputFileListPaths = (
			);
			inputPaths = (
				"${PODS_PODFILE_DIR_PATH}/Podfile.lock",
				"${PODS_ROOT}/Manifest.lock",
			);
			name = "[CP] Check Pods Manifest.lock";
			outputFileListPaths = (
			);
			outputPaths = (
				"$(DERIVED_FILE_DIR)/Pods-RxSwift-Sample-checkManifestLockResult.txt",
			);
			runOnlyForDeploymentPostprocessing = 0;
			shellPath = /bin/sh;
			shellScript = "diff \"${PODS_PODFILE_DIR_PATH}/Podfile.lock\" \"${PODS_ROOT}/Manifest.lock\" > /dev/null\nif [ $? != 0 ] ; then\n    # print error to STDERR\n    echo \"error: The sandbox is not in sync with the Podfile.lock. Run 'pod install' or update your CocoaPods installation.\" >&2\n    exit 1\nfi\n# This output is used by Xcode 'outputs' to avoid re-running this script phase.\necho \"SUCCESS\" > \"${SCRIPT_OUTPUT_FILE_0}\"\n";
			showEnvVarsInLog = 0;
		};
		DF1D85915A08895C56B8EB13 /* [CP] Check Pods Manifest.lock */ = {
			isa = PBXShellScriptBuildPhase;
			buildActionMask = 2147483647;
			files = (
			);
			inputFileListPaths = (
			);
			inputPaths = (
				"${PODS_PODFILE_DIR_PATH}/Podfile.lock",
				"${PODS_ROOT}/Manifest.lock",
			);
			name = "[CP] Check Pods Manifest.lock";
			outputFileListPaths = (
			);
			outputPaths = (
				"$(DERIVED_FILE_DIR)/Pods-RxSwift-SampleTests-checkManifestLockResult.txt",
			);
			runOnlyForDeploymentPostprocessing = 0;
			shellPath = /bin/sh;
			shellScript = "diff \"${PODS_PODFILE_DIR_PATH}/Podfile.lock\" \"${PODS_ROOT}/Manifest.lock\" > /dev/null\nif [ $? != 0 ] ; then\n    # print error to STDERR\n    echo \"error: The sandbox is not in sync with the Podfile.lock. Run 'pod install' or update your CocoaPods installation.\" >&2\n    exit 1\nfi\n# This output is used by Xcode 'outputs' to avoid re-running this script phase.\necho \"SUCCESS\" > \"${SCRIPT_OUTPUT_FILE_0}\"\n";
			showEnvVarsInLog = 0;
		};
/* End PBXShellScriptBuildPhase section */

/* Begin PBXSourcesBuildPhase section */
		2AE301C227DDBB61007A1AAA /* Sources */ = {
			isa = PBXSourcesBuildPhase;
			buildActionMask = 2147483647;
			files = (
				2AD3FEBF27EC951A008EE6BA /* UIStoryboard+.swift in Sources */,
				2AD3FEDC27FB2D5D008EE6BA /* RxDataSourcesViewController.swift in Sources */,
				2AE301CE27DDBB61007A1AAA /* IncrementalSearchViewController.swift in Sources */,
				2AD3FED227ECC319008EE6BA /* SingupViewModel.swift in Sources */,
				2AD3FECD27ECC2EA008EE6BA /* SignupViewController.swift in Sources */,
				2AD3FED527F9E729008EE6BA /* GreetingViewController.swift in Sources */,
				2AE3020327DDD407007A1AAA /* GithubAPI.swift in Sources */,
				2AE3020027DDD288007A1AAA /* GithubModel.swift in Sources */,
				2AE301CA27DDBB61007A1AAA /* AppDelegate.swift in Sources */,
				2AD3FEBD27EC9434008EE6BA /* Router.swift in Sources */,
				2AE301FC27DDBFA4007A1AAA /* IncrementalSearchViewModel.swift in Sources */,
				2AE3020627DDE13C007A1AAA /* IncrementalSearchTableViewCell.swift in Sources */,
				2AD3FEB927EC90C3008EE6BA /* RootViewController.swift in Sources */,
				2AE301CC27DDBB61007A1AAA /* SceneDelegate.swift in Sources */,
			);
			runOnlyForDeploymentPostprocessing = 0;
		};
		2AE301D827DDBB62007A1AAA /* Sources */ = {
			isa = PBXSourcesBuildPhase;
			buildActionMask = 2147483647;
			files = (
				2AE301E127DDBB62007A1AAA /* RxSwift_SampleTests.swift in Sources */,
			);
			runOnlyForDeploymentPostprocessing = 0;
		};
		2AE301E227DDBB62007A1AAA /* Sources */ = {
			isa = PBXSourcesBuildPhase;
			buildActionMask = 2147483647;
			files = (
				2AE301ED27DDBB62007A1AAA /* RxSwift_SampleUITestsLaunchTests.swift in Sources */,
				2AE301EB27DDBB62007A1AAA /* RxSwift_SampleUITests.swift in Sources */,
			);
			runOnlyForDeploymentPostprocessing = 0;
		};
/* End PBXSourcesBuildPhase section */

/* Begin PBXTargetDependency section */
		2AE301DE27DDBB62007A1AAA /* PBXTargetDependency */ = {
			isa = PBXTargetDependency;
			target = 2AE301C527DDBB61007A1AAA /* RxSwift-Sample */;
			targetProxy = 2AE301DD27DDBB62007A1AAA /* PBXContainerItemProxy */;
		};
		2AE301E827DDBB62007A1AAA /* PBXTargetDependency */ = {
			isa = PBXTargetDependency;
			target = 2AE301C527DDBB61007A1AAA /* RxSwift-Sample */;
			targetProxy = 2AE301E727DDBB62007A1AAA /* PBXContainerItemProxy */;
		};
/* End PBXTargetDependency section */

/* Begin PBXVariantGroup section */
		2AE301CF27DDBB61007A1AAA /* IncrementalSearch.storyboard */ = {
			isa = PBXVariantGroup;
			children = (
				2AE301D027DDBB61007A1AAA /* Base */,
			);
			name = IncrementalSearch.storyboard;
			sourceTree = "<group>";
		};
		2AE301D427DDBB62007A1AAA /* LaunchScreen.storyboard */ = {
			isa = PBXVariantGroup;
			children = (
				2AE301D527DDBB62007A1AAA /* Base */,
			);
			name = LaunchScreen.storyboard;
			sourceTree = "<group>";
		};
/* End PBXVariantGroup section */

/* Begin XCBuildConfiguration section */
		2AE301EE27DDBB62007A1AAA /* Debug */ = {
			isa = XCBuildConfiguration;
			buildSettings = {
				ALWAYS_SEARCH_USER_PATHS = NO;
				CLANG_ANALYZER_NONNULL = YES;
				CLANG_ANALYZER_NUMBER_OBJECT_CONVERSION = YES_AGGRESSIVE;
				CLANG_CXX_LANGUAGE_STANDARD = "gnu++17";
				CLANG_CXX_LIBRARY = "libc++";
				CLANG_ENABLE_MODULES = YES;
				CLANG_ENABLE_OBJC_ARC = YES;
				CLANG_ENABLE_OBJC_WEAK = YES;
				CLANG_WARN_BLOCK_CAPTURE_AUTORELEASING = YES;
				CLANG_WARN_BOOL_CONVERSION = YES;
				CLANG_WARN_COMMA = YES;
				CLANG_WARN_CONSTANT_CONVERSION = YES;
				CLANG_WARN_DEPRECATED_OBJC_IMPLEMENTATIONS = YES;
				CLANG_WARN_DIRECT_OBJC_ISA_USAGE = YES_ERROR;
				CLANG_WARN_DOCUMENTATION_COMMENTS = YES;
				CLANG_WARN_EMPTY_BODY = YES;
				CLANG_WARN_ENUM_CONVERSION = YES;
				CLANG_WARN_INFINITE_RECURSION = YES;
				CLANG_WARN_INT_CONVERSION = YES;
				CLANG_WARN_NON_LITERAL_NULL_CONVERSION = YES;
				CLANG_WARN_OBJC_IMPLICIT_RETAIN_SELF = YES;
				CLANG_WARN_OBJC_LITERAL_CONVERSION = YES;
				CLANG_WARN_OBJC_ROOT_CLASS = YES_ERROR;
				CLANG_WARN_QUOTED_INCLUDE_IN_FRAMEWORK_HEADER = YES;
				CLANG_WARN_RANGE_LOOP_ANALYSIS = YES;
				CLANG_WARN_STRICT_PROTOTYPES = YES;
				CLANG_WARN_SUSPICIOUS_MOVE = YES;
				CLANG_WARN_UNGUARDED_AVAILABILITY = YES_AGGRESSIVE;
				CLANG_WARN_UNREACHABLE_CODE = YES;
				CLANG_WARN__DUPLICATE_METHOD_MATCH = YES;
				COPY_PHASE_STRIP = NO;
				DEBUG_INFORMATION_FORMAT = dwarf;
				ENABLE_STRICT_OBJC_MSGSEND = YES;
				ENABLE_TESTABILITY = YES;
				GCC_C_LANGUAGE_STANDARD = gnu11;
				GCC_DYNAMIC_NO_PIC = NO;
				GCC_NO_COMMON_BLOCKS = YES;
				GCC_OPTIMIZATION_LEVEL = 0;
				GCC_PREPROCESSOR_DEFINITIONS = (
					"DEBUG=1",
					"$(inherited)",
				);
				GCC_WARN_64_TO_32_BIT_CONVERSION = YES;
				GCC_WARN_ABOUT_RETURN_TYPE = YES_ERROR;
				GCC_WARN_UNDECLARED_SELECTOR = YES;
				GCC_WARN_UNINITIALIZED_AUTOS = YES_AGGRESSIVE;
				GCC_WARN_UNUSED_FUNCTION = YES;
				GCC_WARN_UNUSED_VARIABLE = YES;
				IPHONEOS_DEPLOYMENT_TARGET = 15.2;
				MTL_ENABLE_DEBUG_INFO = INCLUDE_SOURCE;
				MTL_FAST_MATH = YES;
				ONLY_ACTIVE_ARCH = YES;
				SDKROOT = iphoneos;
				SWIFT_ACTIVE_COMPILATION_CONDITIONS = DEBUG;
				SWIFT_OPTIMIZATION_LEVEL = "-Onone";
			};
			name = Debug;
		};
		2AE301EF27DDBB62007A1AAA /* Release */ = {
			isa = XCBuildConfiguration;
			buildSettings = {
				ALWAYS_SEARCH_USER_PATHS = NO;
				CLANG_ANALYZER_NONNULL = YES;
				CLANG_ANALYZER_NUMBER_OBJECT_CONVERSION = YES_AGGRESSIVE;
				CLANG_CXX_LANGUAGE_STANDARD = "gnu++17";
				CLANG_CXX_LIBRARY = "libc++";
				CLANG_ENABLE_MODULES = YES;
				CLANG_ENABLE_OBJC_ARC = YES;
				CLANG_ENABLE_OBJC_WEAK = YES;
				CLANG_WARN_BLOCK_CAPTURE_AUTORELEASING = YES;
				CLANG_WARN_BOOL_CONVERSION = YES;
				CLANG_WARN_COMMA = YES;
				CLANG_WARN_CONSTANT_CONVERSION = YES;
				CLANG_WARN_DEPRECATED_OBJC_IMPLEMENTATIONS = YES;
				CLANG_WARN_DIRECT_OBJC_ISA_USAGE = YES_ERROR;
				CLANG_WARN_DOCUMENTATION_COMMENTS = YES;
				CLANG_WARN_EMPTY_BODY = YES;
				CLANG_WARN_ENUM_CONVERSION = YES;
				CLANG_WARN_INFINITE_RECURSION = YES;
				CLANG_WARN_INT_CONVERSION = YES;
				CLANG_WARN_NON_LITERAL_NULL_CONVERSION = YES;
				CLANG_WARN_OBJC_IMPLICIT_RETAIN_SELF = YES;
				CLANG_WARN_OBJC_LITERAL_CONVERSION = YES;
				CLANG_WARN_OBJC_ROOT_CLASS = YES_ERROR;
				CLANG_WARN_QUOTED_INCLUDE_IN_FRAMEWORK_HEADER = YES;
				CLANG_WARN_RANGE_LOOP_ANALYSIS = YES;
				CLANG_WARN_STRICT_PROTOTYPES = YES;
				CLANG_WARN_SUSPICIOUS_MOVE = YES;
				CLANG_WARN_UNGUARDED_AVAILABILITY = YES_AGGRESSIVE;
				CLANG_WARN_UNREACHABLE_CODE = YES;
				CLANG_WARN__DUPLICATE_METHOD_MATCH = YES;
				COPY_PHASE_STRIP = NO;
				DEBUG_INFORMATION_FORMAT = "dwarf-with-dsym";
				ENABLE_NS_ASSERTIONS = NO;
				ENABLE_STRICT_OBJC_MSGSEND = YES;
				GCC_C_LANGUAGE_STANDARD = gnu11;
				GCC_NO_COMMON_BLOCKS = YES;
				GCC_WARN_64_TO_32_BIT_CONVERSION = YES;
				GCC_WARN_ABOUT_RETURN_TYPE = YES_ERROR;
				GCC_WARN_UNDECLARED_SELECTOR = YES;
				GCC_WARN_UNINITIALIZED_AUTOS = YES_AGGRESSIVE;
				GCC_WARN_UNUSED_FUNCTION = YES;
				GCC_WARN_UNUSED_VARIABLE = YES;
				IPHONEOS_DEPLOYMENT_TARGET = 15.2;
				MTL_ENABLE_DEBUG_INFO = NO;
				MTL_FAST_MATH = YES;
				SDKROOT = iphoneos;
				SWIFT_COMPILATION_MODE = wholemodule;
				SWIFT_OPTIMIZATION_LEVEL = "-O";
				VALIDATE_PRODUCT = YES;
			};
			name = Release;
		};
		2AE301F127DDBB62007A1AAA /* Debug */ = {
			isa = XCBuildConfiguration;
			baseConfigurationReference = B3BA68C21D50B98F08134B55 /* Pods-RxSwift-Sample.debug.xcconfig */;
			buildSettings = {
				ASSETCATALOG_COMPILER_APPICON_NAME = AppIcon;
				ASSETCATALOG_COMPILER_GLOBAL_ACCENT_COLOR_NAME = AccentColor;
				CODE_SIGN_STYLE = Automatic;
				CURRENT_PROJECT_VERSION = 1;
				DEVELOPMENT_TEAM = BGM5JPJHA4;
				GENERATE_INFOPLIST_FILE = YES;
				INFOPLIST_FILE = "RxSwift-Sample/Info.plist";
				INFOPLIST_KEY_UIApplicationSupportsIndirectInputEvents = YES;
				INFOPLIST_KEY_UILaunchStoryboardName = LaunchScreen;
				INFOPLIST_KEY_UISupportedInterfaceOrientations_iPad = "UIInterfaceOrientationPortrait UIInterfaceOrientationPortraitUpsideDown UIInterfaceOrientationLandscapeLeft UIInterfaceOrientationLandscapeRight";
				INFOPLIST_KEY_UISupportedInterfaceOrientations_iPhone = "UIInterfaceOrientationPortrait UIInterfaceOrientationLandscapeLeft UIInterfaceOrientationLandscapeRight";
				LD_RUNPATH_SEARCH_PATHS = (
					"$(inherited)",
					"@executable_path/Frameworks",
				);
				MARKETING_VERSION = 1.0;
				PRODUCT_BUNDLE_IDENTIFIER = "com.gmail.basebasketball0607.RxSwift-Sample";
				PRODUCT_NAME = "$(TARGET_NAME)";
				SWIFT_EMIT_LOC_STRINGS = YES;
				SWIFT_VERSION = 5.0;
				TARGETED_DEVICE_FAMILY = "1,2";
			};
			name = Debug;
		};
		2AE301F227DDBB62007A1AAA /* Release */ = {
			isa = XCBuildConfiguration;
			baseConfigurationReference = E7F7FDA9DE02C2C0CEEC0569 /* Pods-RxSwift-Sample.release.xcconfig */;
			buildSettings = {
				ASSETCATALOG_COMPILER_APPICON_NAME = AppIcon;
				ASSETCATALOG_COMPILER_GLOBAL_ACCENT_COLOR_NAME = AccentColor;
				CODE_SIGN_STYLE = Automatic;
				CURRENT_PROJECT_VERSION = 1;
				DEVELOPMENT_TEAM = BGM5JPJHA4;
				GENERATE_INFOPLIST_FILE = YES;
				INFOPLIST_FILE = "RxSwift-Sample/Info.plist";
				INFOPLIST_KEY_UIApplicationSupportsIndirectInputEvents = YES;
				INFOPLIST_KEY_UILaunchStoryboardName = LaunchScreen;
				INFOPLIST_KEY_UISupportedInterfaceOrientations_iPad = "UIInterfaceOrientationPortrait UIInterfaceOrientationPortraitUpsideDown UIInterfaceOrientationLandscapeLeft UIInterfaceOrientationLandscapeRight";
				INFOPLIST_KEY_UISupportedInterfaceOrientations_iPhone = "UIInterfaceOrientationPortrait UIInterfaceOrientationLandscapeLeft UIInterfaceOrientationLandscapeRight";
				LD_RUNPATH_SEARCH_PATHS = (
					"$(inherited)",
					"@executable_path/Frameworks",
				);
				MARKETING_VERSION = 1.0;
				PRODUCT_BUNDLE_IDENTIFIER = "com.gmail.basebasketball0607.RxSwift-Sample";
				PRODUCT_NAME = "$(TARGET_NAME)";
				SWIFT_EMIT_LOC_STRINGS = YES;
				SWIFT_VERSION = 5.0;
				TARGETED_DEVICE_FAMILY = "1,2";
			};
			name = Release;
		};
		2AE301F427DDBB62007A1AAA /* Debug */ = {
			isa = XCBuildConfiguration;
			baseConfigurationReference = 9763889DC4DE11A8AE4489C3 /* Pods-RxSwift-SampleTests.debug.xcconfig */;
			buildSettings = {
				ALWAYS_EMBED_SWIFT_STANDARD_LIBRARIES = YES;
				BUNDLE_LOADER = "$(TEST_HOST)";
				CODE_SIGN_STYLE = Automatic;
				CURRENT_PROJECT_VERSION = 1;
				DEVELOPMENT_TEAM = BGM5JPJHA4;
				GENERATE_INFOPLIST_FILE = YES;
				IPHONEOS_DEPLOYMENT_TARGET = 15.2;
				MARKETING_VERSION = 1.0;
				PRODUCT_BUNDLE_IDENTIFIER = "com.gmail.basebasketball0607.RxSwift-SampleTests";
				PRODUCT_NAME = "$(TARGET_NAME)";
				SWIFT_EMIT_LOC_STRINGS = NO;
				SWIFT_VERSION = 5.0;
				TARGETED_DEVICE_FAMILY = "1,2";
				TEST_HOST = "$(BUILT_PRODUCTS_DIR)/RxSwift-Sample.app/RxSwift-Sample";
			};
			name = Debug;
		};
		2AE301F527DDBB62007A1AAA /* Release */ = {
			isa = XCBuildConfiguration;
			baseConfigurationReference = 814544FF9C39BA281B06FF58 /* Pods-RxSwift-SampleTests.release.xcconfig */;
			buildSettings = {
				ALWAYS_EMBED_SWIFT_STANDARD_LIBRARIES = YES;
				BUNDLE_LOADER = "$(TEST_HOST)";
				CODE_SIGN_STYLE = Automatic;
				CURRENT_PROJECT_VERSION = 1;
				DEVELOPMENT_TEAM = BGM5JPJHA4;
				GENERATE_INFOPLIST_FILE = YES;
				IPHONEOS_DEPLOYMENT_TARGET = 15.2;
				MARKETING_VERSION = 1.0;
				PRODUCT_BUNDLE_IDENTIFIER = "com.gmail.basebasketball0607.RxSwift-SampleTests";
				PRODUCT_NAME = "$(TARGET_NAME)";
				SWIFT_EMIT_LOC_STRINGS = NO;
				SWIFT_VERSION = 5.0;
				TARGETED_DEVICE_FAMILY = "1,2";
				TEST_HOST = "$(BUILT_PRODUCTS_DIR)/RxSwift-Sample.app/RxSwift-Sample";
			};
			name = Release;
		};
		2AE301F727DDBB62007A1AAA /* Debug */ = {
			isa = XCBuildConfiguration;
			baseConfigurationReference = C82FAD8DD9A2889E2662412B /* Pods-RxSwift-Sample-RxSwift-SampleUITests.debug.xcconfig */;
			buildSettings = {
				ALWAYS_EMBED_SWIFT_STANDARD_LIBRARIES = YES;
				CODE_SIGN_STYLE = Automatic;
				CURRENT_PROJECT_VERSION = 1;
				DEVELOPMENT_TEAM = BGM5JPJHA4;
				GENERATE_INFOPLIST_FILE = YES;
				MARKETING_VERSION = 1.0;
				PRODUCT_BUNDLE_IDENTIFIER = "com.gmail.basebasketball0607.RxSwift-SampleUITests";
				PRODUCT_NAME = "$(TARGET_NAME)";
				SWIFT_EMIT_LOC_STRINGS = NO;
				SWIFT_VERSION = 5.0;
				TARGETED_DEVICE_FAMILY = "1,2";
				TEST_TARGET_NAME = "RxSwift-Sample";
			};
			name = Debug;
		};
		2AE301F827DDBB62007A1AAA /* Release */ = {
			isa = XCBuildConfiguration;
			baseConfigurationReference = 495F5E762DAD845AFDDACCFC /* Pods-RxSwift-Sample-RxSwift-SampleUITests.release.xcconfig */;
			buildSettings = {
				ALWAYS_EMBED_SWIFT_STANDARD_LIBRARIES = YES;
				CODE_SIGN_STYLE = Automatic;
				CURRENT_PROJECT_VERSION = 1;
				DEVELOPMENT_TEAM = BGM5JPJHA4;
				GENERATE_INFOPLIST_FILE = YES;
				MARKETING_VERSION = 1.0;
				PRODUCT_BUNDLE_IDENTIFIER = "com.gmail.basebasketball0607.RxSwift-SampleUITests";
				PRODUCT_NAME = "$(TARGET_NAME)";
				SWIFT_EMIT_LOC_STRINGS = NO;
				SWIFT_VERSION = 5.0;
				TARGETED_DEVICE_FAMILY = "1,2";
				TEST_TARGET_NAME = "RxSwift-Sample";
			};
			name = Release;
		};
/* End XCBuildConfiguration section */

/* Begin XCConfigurationList section */
		2AE301C127DDBB61007A1AAA /* Build configuration list for PBXProject "RxSwift-Sample" */ = {
			isa = XCConfigurationList;
			buildConfigurations = (
				2AE301EE27DDBB62007A1AAA /* Debug */,
				2AE301EF27DDBB62007A1AAA /* Release */,
			);
			defaultConfigurationIsVisible = 0;
			defaultConfigurationName = Release;
		};
		2AE301F027DDBB62007A1AAA /* Build configuration list for PBXNativeTarget "RxSwift-Sample" */ = {
			isa = XCConfigurationList;
			buildConfigurations = (
				2AE301F127DDBB62007A1AAA /* Debug */,
				2AE301F227DDBB62007A1AAA /* Release */,
			);
			defaultConfigurationIsVisible = 0;
			defaultConfigurationName = Release;
		};
		2AE301F327DDBB62007A1AAA /* Build configuration list for PBXNativeTarget "RxSwift-SampleTests" */ = {
			isa = XCConfigurationList;
			buildConfigurations = (
				2AE301F427DDBB62007A1AAA /* Debug */,
				2AE301F527DDBB62007A1AAA /* Release */,
			);
			defaultConfigurationIsVisible = 0;
			defaultConfigurationName = Release;
		};
		2AE301F627DDBB62007A1AAA /* Build configuration list for PBXNativeTarget "RxSwift-SampleUITests" */ = {
			isa = XCConfigurationList;
			buildConfigurations = (
				2AE301F727DDBB62007A1AAA /* Debug */,
				2AE301F827DDBB62007A1AAA /* Release */,
			);
			defaultConfigurationIsVisible = 0;
			defaultConfigurationName = Release;
		};
/* End XCConfigurationList section */
	};
	rootObject = 2AE301BE27DDBB61007A1AAA /* Project object */;
}
